<?xml version="1.0" encoding="UTF-8"?>
<!DOCTYPE plist PUBLIC "-//Apple//DTD PLIST 1.0//EN" "http://www.apple.com/DTDs/PropertyList-1.0.dtd">
<plist version="1.0">
<dict>
	<key>archiveVersion</key>
	<string>1</string>
	<key>classes</key>
	<dict/>
	<key>objectVersion</key>
	<string>46</string>
	<key>objects</key>
	<dict>
		<key>326C0606E582B6F96B7F7175</key>
		<dict>
			<key>buildActionMask</key>
			<string>2147483647</string>
			<key>files</key>
			<array/>
			<key>inputPaths</key>
			<array/>
			<key>isa</key>
			<string>PBXShellScriptBuildPhase</string>
			<key>name</key>
			<string>Embed Pods Frameworks</string>
			<key>outputPaths</key>
			<array/>
			<key>runOnlyForDeploymentPostprocessing</key>
			<string>0</string>
			<key>shellPath</key>
			<string>/bin/sh</string>
			<key>shellScript</key>
			<string>"${SRCROOT}/Pods/Target Support Files/Pods-Glance/Pods-Glance-frameworks.sh"
</string>
			<key>showEnvVarsInLog</key>
			<string>0</string>
		</dict>
		<key>3D118F7A730B8E7C297DFBAB</key>
		<dict>
			<key>fileRef</key>
			<string>FDE5AF41F4FB1FA805BAB6BC</string>
			<key>isa</key>
			<string>PBXBuildFile</string>
		</dict>
		<key>411250C557E7C88164D1EA93</key>
		<dict>
			<key>children</key>
			<array>
				<string>ECDF67B54C3FC0846B7B8CE5</string>
				<string>5018EF233B23A7D447537AFA</string>
			</array>
			<key>isa</key>
			<string>PBXGroup</string>
			<key>name</key>
			<string>Pods</string>
			<key>sourceTree</key>
			<string>&lt;group&gt;</string>
		</dict>
		<key>49C46B8703EC220B56DD1EB8</key>
		<dict>
			<key>children</key>
			<array>
				<string>FDE5AF41F4FB1FA805BAB6BC</string>
			</array>
			<key>isa</key>
			<string>PBXGroup</string>
			<key>name</key>
			<string>Frameworks</string>
			<key>sourceTree</key>
			<string>&lt;group&gt;</string>
		</dict>
		<key>5018EF233B23A7D447537AFA</key>
		<dict>
			<key>includeInIndex</key>
			<string>1</string>
			<key>isa</key>
			<string>PBXFileReference</string>
			<key>lastKnownFileType</key>
			<string>text.xcconfig</string>
			<key>name</key>
			<string>Pods-Glance.release.xcconfig</string>
			<key>path</key>
			<string>Pods/Target Support Files/Pods-Glance/Pods-Glance.release.xcconfig</string>
			<key>sourceTree</key>
			<string>&lt;group&gt;</string>
		</dict>
		<key>533ECFC1BC001C986324E6E4</key>
		<dict>
			<key>buildActionMask</key>
			<string>2147483647</string>
			<key>files</key>
			<array/>
			<key>inputPaths</key>
			<array/>
			<key>isa</key>
			<string>PBXShellScriptBuildPhase</string>
			<key>name</key>
			<string>Copy Pods Resources</string>
			<key>outputPaths</key>
			<array/>
			<key>runOnlyForDeploymentPostprocessing</key>
			<string>0</string>
			<key>shellPath</key>
			<string>/bin/sh</string>
			<key>shellScript</key>
			<string>"${SRCROOT}/Pods/Target Support Files/Pods-Glance/Pods-Glance-resources.sh"
</string>
			<key>showEnvVarsInLog</key>
			<string>0</string>
		</dict>
		<key>8CA4C8321CB9AD22002AEAAE</key>
		<dict>
			<key>fileEncoding</key>
			<string>4</string>
			<key>isa</key>
			<string>PBXFileReference</string>
			<key>lastKnownFileType</key>
			<string>sourcecode.swift</string>
			<key>path</key>
			<string>Post.swift</string>
			<key>sourceTree</key>
			<string>&lt;group&gt;</string>
		</dict>
		<key>8CA4C8331CB9AD22002AEAAE</key>
		<dict>
			<key>fileRef</key>
			<string>8CA4C8321CB9AD22002AEAAE</string>
			<key>isa</key>
			<string>PBXBuildFile</string>
		</dict>
		<key>8CA4C84E1CC01B5D002AEAAE</key>
		<dict>
			<key>fileEncoding</key>
			<string>4</string>
			<key>isa</key>
			<string>PBXFileReference</string>
			<key>lastKnownFileType</key>
			<string>sourcecode.swift</string>
			<key>path</key>
			<string>InstagramServices.swift</string>
			<key>sourceTree</key>
			<string>&lt;group&gt;</string>
		</dict>
		<key>8CA4C84F1CC01B5D002AEAAE</key>
		<dict>
			<key>fileRef</key>
			<string>8CA4C84E1CC01B5D002AEAAE</string>
			<key>isa</key>
			<string>PBXBuildFile</string>
		</dict>
		<key>8CA4C8501CC01F0F002AEAAE</key>
		<dict>
			<key>fileEncoding</key>
			<string>4</string>
			<key>isa</key>
			<string>PBXFileReference</string>
			<key>lastKnownFileType</key>
			<string>sourcecode.swift</string>
			<key>path</key>
			<string>Friend.swift</string>
			<key>sourceTree</key>
			<string>&lt;group&gt;</string>
		</dict>
		<key>8CA4C8511CC01F0F002AEAAE</key>
		<dict>
			<key>fileRef</key>
			<string>8CA4C8501CC01F0F002AEAAE</string>
			<key>isa</key>
			<string>PBXBuildFile</string>
		</dict>
		<key>8CA4C8521CC0228A002AEAAE</key>
		<dict>
			<key>fileEncoding</key>
			<string>4</string>
			<key>isa</key>
			<string>PBXFileReference</string>
			<key>lastKnownFileType</key>
			<string>sourcecode.swift</string>
			<key>path</key>
			<string>TwitterServices.swift</string>
			<key>sourceTree</key>
			<string>&lt;group&gt;</string>
		</dict>
		<key>8CA4C8531CC0228A002AEAAE</key>
		<dict>
			<key>fileRef</key>
			<string>8CA4C8521CC0228A002AEAAE</string>
			<key>isa</key>
			<string>PBXBuildFile</string>
		</dict>
		<key>8CA4C8571CC02713002AEAAE</key>
		<dict>
			<key>isa</key>
			<string>PBXFileReference</string>
			<key>lastKnownFileType</key>
			<string>wrapper.pb-project</string>
			<key>name</key>
			<string>OAuthSwift.xcodeproj</string>
			<key>path</key>
			<string>../../../../Downloads/OAuthSwift-master/OAuthSwift.xcodeproj</string>
			<key>sourceTree</key>
			<string>&lt;group&gt;</string>
		</dict>
		<key>8CA4C8581CC02713002AEAAE</key>
		<dict>
			<key>children</key>
			<array>
				<string>8CA4C8621CC02713002AEAAE</string>
				<string>8CA4C8641CC02713002AEAAE</string>
				<string>8CA4C8661CC02713002AEAAE</string>
				<string>8CA4C8681CC02713002AEAAE</string>
				<string>8CA4C86A1CC02713002AEAAE</string>
				<string>8CA4C86C1CC02713002AEAAE</string>
				<string>8CA4C86E1CC02713002AEAAE</string>
			</array>
			<key>isa</key>
			<string>PBXGroup</string>
			<key>name</key>
			<string>Products</string>
			<key>sourceTree</key>
			<string>&lt;group&gt;</string>
		</dict>
		<key>8CA4C8611CC02713002AEAAE</key>
		<dict>
			<key>containerPortal</key>
			<string>8CA4C8571CC02713002AEAAE</string>
			<key>isa</key>
			<string>PBXContainerItemProxy</string>
			<key>proxyType</key>
			<string>2</string>
			<key>remoteGlobalIDString</key>
			<string>F435027A1A6791B200038A29</string>
			<key>remoteInfo</key>
			<string>OAuthSwift</string>
		</dict>
		<key>8CA4C8621CC02713002AEAAE</key>
		<dict>
			<key>fileType</key>
			<string>wrapper.framework</string>
			<key>isa</key>
			<string>PBXReferenceProxy</string>
			<key>path</key>
			<string>OAuthSwift.framework</string>
			<key>remoteRef</key>
			<string>8CA4C8611CC02713002AEAAE</string>
			<key>sourceTree</key>
			<string>BUILT_PRODUCTS_DIR</string>
		</dict>
		<key>8CA4C8631CC02713002AEAAE</key>
		<dict>
			<key>containerPortal</key>
			<string>8CA4C8571CC02713002AEAAE</string>
			<key>isa</key>
			<string>PBXContainerItemProxy</string>
			<key>proxyType</key>
			<string>2</string>
			<key>remoteGlobalIDString</key>
			<string>F451E3C5195B8CD80051434C</string>
			<key>remoteInfo</key>
			<string>OAuthSwiftDemo</string>
		</dict>
		<key>8CA4C8641CC02713002AEAAE</key>
		<dict>
			<key>fileType</key>
			<string>wrapper.application</string>
			<key>isa</key>
			<string>PBXReferenceProxy</string>
			<key>path</key>
			<string>OAuthSwiftDemo.app</string>
			<key>remoteRef</key>
			<string>8CA4C8631CC02713002AEAAE</string>
			<key>sourceTree</key>
			<string>BUILT_PRODUCTS_DIR</string>
		</dict>
		<key>8CA4C8651CC02713002AEAAE</key>
		<dict>
			<key>containerPortal</key>
			<string>8CA4C8571CC02713002AEAAE</string>
			<key>isa</key>
			<string>PBXContainerItemProxy</string>
			<key>proxyType</key>
			<string>2</string>
			<key>remoteGlobalIDString</key>
			<string>C48B28021AFA598D00C7DEF6</string>
			<key>remoteInfo</key>
			<string>OAuthSwiftOSX</string>
		</dict>
		<key>8CA4C8661CC02713002AEAAE</key>
		<dict>
			<key>fileType</key>
			<string>wrapper.framework</string>
			<key>isa</key>
			<string>PBXReferenceProxy</string>
			<key>path</key>
			<string>OAuthSwift.framework</string>
			<key>remoteRef</key>
			<string>8CA4C8651CC02713002AEAAE</string>
			<key>sourceTree</key>
			<string>BUILT_PRODUCTS_DIR</string>
		</dict>
		<key>8CA4C8671CC02713002AEAAE</key>
		<dict>
			<key>containerPortal</key>
			<string>8CA4C8571CC02713002AEAAE</string>
			<key>isa</key>
			<string>PBXContainerItemProxy</string>
			<key>proxyType</key>
			<string>2</string>
			<key>remoteGlobalIDString</key>
			<string>C49FD5241AFB5DF500791E1A</string>
			<key>remoteInfo</key>
			<string>OAuthSwiftOSXDemo</string>
		</dict>
		<key>8CA4C8681CC02713002AEAAE</key>
		<dict>
			<key>fileType</key>
			<string>wrapper.application</string>
			<key>isa</key>
			<string>PBXReferenceProxy</string>
			<key>path</key>
			<string>OAuthSwiftOSXDemo.app</string>
			<key>remoteRef</key>
			<string>8CA4C8671CC02713002AEAAE</string>
			<key>sourceTree</key>
			<string>BUILT_PRODUCTS_DIR</string>
		</dict>
		<key>8CA4C8691CC02713002AEAAE</key>
		<dict>
			<key>containerPortal</key>
			<string>8CA4C8571CC02713002AEAAE</string>
			<key>isa</key>
			<string>PBXContainerItemProxy</string>
			<key>proxyType</key>
			<string>2</string>
			<key>remoteGlobalIDString</key>
			<string>C4B6EE1E1BF74CE300443596</string>
			<key>remoteInfo</key>
			<string>OAuthSwiftTVOS</string>
		</dict>
		<key>8CA4C86A1CC02713002AEAAE</key>
		<dict>
			<key>fileType</key>
			<string>wrapper.framework</string>
			<key>isa</key>
			<string>PBXReferenceProxy</string>
			<key>path</key>
			<string>OAuthSwift.framework</string>
			<key>remoteRef</key>
			<string>8CA4C8691CC02713002AEAAE</string>
			<key>sourceTree</key>
			<string>BUILT_PRODUCTS_DIR</string>
		</dict>
		<key>8CA4C86B1CC02713002AEAAE</key>
		<dict>
			<key>containerPortal</key>
			<string>8CA4C8571CC02713002AEAAE</string>
			<key>isa</key>
			<string>PBXContainerItemProxy</string>
			<key>proxyType</key>
			<string>2</string>
			<key>remoteGlobalIDString</key>
			<string>C40890C01C11B37000E3146A</string>
			<key>remoteInfo</key>
			<string>OAuthSwiftWatchOS</string>
		</dict>
		<key>8CA4C86C1CC02713002AEAAE</key>
		<dict>
			<key>fileType</key>
			<string>wrapper.framework</string>
			<key>isa</key>
			<string>PBXReferenceProxy</string>
			<key>path</key>
			<string>OAuthSwift.framework</string>
			<key>remoteRef</key>
			<string>8CA4C86B1CC02713002AEAAE</string>
			<key>sourceTree</key>
			<string>BUILT_PRODUCTS_DIR</string>
		</dict>
		<key>8CA4C86D1CC02713002AEAAE</key>
		<dict>
			<key>containerPortal</key>
			<string>8CA4C8571CC02713002AEAAE</string>
			<key>isa</key>
			<string>PBXContainerItemProxy</string>
			<key>proxyType</key>
			<string>2</string>
			<key>remoteGlobalIDString</key>
			<string>C4D50DF71BFB693F0053B624</string>
			<key>remoteInfo</key>
			<string>OAuthSwiftTests</string>
		</dict>
		<key>8CA4C86E1CC02713002AEAAE</key>
		<dict>
			<key>fileType</key>
			<string>wrapper.cfbundle</string>
			<key>isa</key>
			<string>PBXReferenceProxy</string>
			<key>path</key>
			<string>OAuthSwiftTests.xctest</string>
			<key>remoteRef</key>
			<string>8CA4C86D1CC02713002AEAAE</string>
			<key>sourceTree</key>
			<string>BUILT_PRODUCTS_DIR</string>
		</dict>
		<key>8CA4C8701CC13BE8002AEAAE</key>
		<dict>
			<key>buildActionMask</key>
			<string>2147483647</string>
			<key>files</key>
			<array/>
			<key>inputPaths</key>
			<array/>
			<key>isa</key>
			<string>PBXShellScriptBuildPhase</string>
			<key>outputPaths</key>
			<array/>
			<key>runOnlyForDeploymentPostprocessing</key>
			<string>0</string>
			<key>shellPath</key>
			<string>/bin/sh</string>
			<key>shellScript</key>
			<string>./Fabric.framework/run 405c243a6b84b90e237341477a4fdd8425b5c233 b7e64a0d86b2832c833b001a2d72a32ce01849e91e22473598cd093d268323ed</string>
		</dict>
		<key>8CA4C8781CC13C21002AEAAE</key>
		<dict>
			<key>isa</key>
			<string>PBXFileReference</string>
			<key>lastKnownFileType</key>
			<string>wrapper.framework</string>
			<key>path</key>
			<string>Fabric.framework</string>
			<key>sourceTree</key>
			<string>&lt;group&gt;</string>
		</dict>
		<key>8CA4C8791CC13C21002AEAAE</key>
		<dict>
			<key>isa</key>
			<string>PBXFileReference</string>
			<key>lastKnownFileType</key>
			<string>wrapper.framework</string>
			<key>path</key>
			<string>TwitterKit.framework</string>
			<key>sourceTree</key>
			<string>&lt;group&gt;</string>
		</dict>
		<key>8CA4C87A1CC13C21002AEAAE</key>
		<dict>
			<key>isa</key>
			<string>PBXFileReference</string>
			<key>lastKnownFileType</key>
			<string>wrapper.plug-in</string>
			<key>name</key>
			<string>TwitterKitResources.bundle</string>
			<key>path</key>
			<string>TwitterKit.framework/Versions/A/Resources/TwitterKitResources.bundle</string>
			<key>sourceTree</key>
			<string>&lt;group&gt;</string>
		</dict>
		<key>8CA4C87B1CC13C21002AEAAE</key>
		<dict>
			<key>isa</key>
			<string>PBXFileReference</string>
			<key>lastKnownFileType</key>
			<string>wrapper.framework</string>
			<key>path</key>
			<string>TwitterCore.framework</string>
			<key>sourceTree</key>
			<string>&lt;group&gt;</string>
		</dict>
		<key>8CA4C87C1CC13C21002AEAAE</key>
		<dict>
			<key>fileRef</key>
			<string>8CA4C8781CC13C21002AEAAE</string>
			<key>isa</key>
			<string>PBXBuildFile</string>
		</dict>
		<key>8CA4C87D1CC13C22002AEAAE</key>
		<dict>
			<key>fileRef</key>
			<string>8CA4C8791CC13C21002AEAAE</string>
			<key>isa</key>
			<string>PBXBuildFile</string>
		</dict>
		<key>8CA4C87E1CC13C22002AEAAE</key>
		<dict>
			<key>fileRef</key>
			<string>8CA4C87A1CC13C21002AEAAE</string>
			<key>isa</key>
			<string>PBXBuildFile</string>
		</dict>
		<key>8CA4C87F1CC13C22002AEAAE</key>
		<dict>
			<key>fileRef</key>
			<string>8CA4C87B1CC13C21002AEAAE</string>
			<key>isa</key>
			<string>PBXBuildFile</string>
		</dict>
		<key>8CD17C9A1C41C807004402FC</key>
		<dict>
			<key>children</key>
			<array>
				<string>8CA4C8571CC02713002AEAAE</string>
				<string>8CD17CA51C41C807004402FC</string>
				<string>8CD17CBC1C41C807004402FC</string>
				<string>8CD17CC71C41C807004402FC</string>
				<string>8CD17CA41C41C807004402FC</string>
				<string>8CA4C8781CC13C21002AEAAE</string>
				<string>8CA4C8791CC13C21002AEAAE</string>
				<string>8CA4C87A1CC13C21002AEAAE</string>
				<string>8CA4C87B1CC13C21002AEAAE</string>
				<string>411250C557E7C88164D1EA93</string>
				<string>49C46B8703EC220B56DD1EB8</string>
			</array>
			<key>isa</key>
			<string>PBXGroup</string>
			<key>sourceTree</key>
			<string>&lt;group&gt;</string>
		</dict>
		<key>8CD17C9B1C41C807004402FC</key>
		<dict>
			<key>attributes</key>
			<dict>
				<key>LastSwiftUpdateCheck</key>
				<string>0720</string>
				<key>LastUpgradeCheck</key>
				<string>0720</string>
				<key>ORGANIZATIONNAME</key>
				<string>In The Belly</string>
				<key>TargetAttributes</key>
				<dict>
					<key>8CD17CA21C41C807004402FC</key>
					<dict>
						<key>CreatedOnToolsVersion</key>
						<string>7.2</string>
					</dict>
					<key>8CD17CB81C41C807004402FC</key>
					<dict>
						<key>CreatedOnToolsVersion</key>
						<string>7.2</string>
						<key>TestTargetID</key>
						<string>8CD17CA21C41C807004402FC</string>
					</dict>
					<key>8CD17CC31C41C807004402FC</key>
					<dict>
						<key>CreatedOnToolsVersion</key>
						<string>7.2</string>
						<key>TestTargetID</key>
						<string>8CD17CA21C41C807004402FC</string>
					</dict>
				</dict>
			</dict>
			<key>buildConfigurationList</key>
			<string>8CD17C9E1C41C807004402FC</string>
			<key>compatibilityVersion</key>
			<string>Xcode 3.2</string>
			<key>developmentRegion</key>
			<string>English</string>
			<key>hasScannedForEncodings</key>
			<string>0</string>
			<key>isa</key>
			<string>PBXProject</string>
			<key>knownRegions</key>
			<array>
				<string>en</string>
				<string>Base</string>
			</array>
			<key>mainGroup</key>
			<string>8CD17C9A1C41C807004402FC</string>
			<key>productRefGroup</key>
			<string>8CD17CA41C41C807004402FC</string>
			<key>projectDirPath</key>
			<string></string>
			<key>projectReferences</key>
			<array>
				<dict>
					<key>ProductGroup</key>
					<string>8CA4C8581CC02713002AEAAE</string>
					<key>ProjectRef</key>
					<string>8CA4C8571CC02713002AEAAE</string>
				</dict>
			</array>
			<key>projectRoot</key>
			<string></string>
			<key>targets</key>
			<array>
				<string>8CD17CA21C41C807004402FC</string>
				<string>8CD17CB81C41C807004402FC</string>
				<string>8CD17CC31C41C807004402FC</string>
			</array>
		</dict>
		<key>8CD17C9E1C41C807004402FC</key>
		<dict>
			<key>buildConfigurations</key>
			<array>
				<string>8CD17CCB1C41C807004402FC</string>
				<string>8CD17CCC1C41C807004402FC</string>
			</array>
			<key>defaultConfigurationIsVisible</key>
			<string>0</string>
			<key>defaultConfigurationName</key>
			<string>Release</string>
			<key>isa</key>
			<string>XCConfigurationList</string>
		</dict>
		<key>8CD17C9F1C41C807004402FC</key>
		<dict>
			<key>buildActionMask</key>
			<string>2147483647</string>
			<key>files</key>
			<array>
				<string>8CA4C84F1CC01B5D002AEAAE</string>
				<string>8CA4C8531CC0228A002AEAAE</string>
				<string>8CD17CAB1C41C807004402FC</string>
				<string>8CD17CA71C41C807004402FC</string>
				<string>8CA4C8511CC01F0F002AEAAE</string>
				<string>8CD17CA91C41C807004402FC</string>
				<string>8CA4C8331CB9AD22002AEAAE</string>
			</array>
			<key>isa</key>
			<string>PBXSourcesBuildPhase</string>
			<key>runOnlyForDeploymentPostprocessing</key>
			<string>0</string>
		</dict>
		<key>8CD17CA01C41C807004402FC</key>
		<dict>
			<key>buildActionMask</key>
			<string>2147483647</string>
			<key>files</key>
			<array>
				<string>8CA4C87C1CC13C21002AEAAE</string>
				<string>8CA4C87F1CC13C22002AEAAE</string>
				<string>8CA4C87D1CC13C22002AEAAE</string>
				<string>3D118F7A730B8E7C297DFBAB</string>
			</array>
			<key>isa</key>
			<string>PBXFrameworksBuildPhase</string>
			<key>runOnlyForDeploymentPostprocessing</key>
			<string>0</string>
		</dict>
		<key>8CD17CA11C41C807004402FC</key>
		<dict>
			<key>buildActionMask</key>
			<string>2147483647</string>
			<key>files</key>
			<array>
				<string>8CA4C87E1CC13C22002AEAAE</string>
				<string>8CD17CB31C41C807004402FC</string>
				<string>8CD17CB01C41C807004402FC</string>
				<string>8CD17CAE1C41C807004402FC</string>
			</array>
			<key>isa</key>
			<string>PBXResourcesBuildPhase</string>
			<key>runOnlyForDeploymentPostprocessing</key>
			<string>0</string>
		</dict>
		<key>8CD17CA21C41C807004402FC</key>
		<dict>
			<key>buildConfigurationList</key>
			<string>8CD17CCD1C41C807004402FC</string>
			<key>buildPhases</key>
			<array>
				<string>A1B6032E4D29DE4E2D224BC8</string>
				<string>8CD17C9F1C41C807004402FC</string>
				<string>8CD17CA01C41C807004402FC</string>
				<string>8CD17CA11C41C807004402FC</string>
				<string>8CA4C8701CC13BE8002AEAAE</string>
				<string>326C0606E582B6F96B7F7175</string>
				<string>533ECFC1BC001C986324E6E4</string>
			</array>
			<key>buildRules</key>
			<array/>
			<key>dependencies</key>
			<array/>
			<key>isa</key>
			<string>PBXNativeTarget</string>
			<key>name</key>
			<string>Glance</string>
			<key>productName</key>
			<string>Glance</string>
			<key>productReference</key>
			<string>8CD17CA31C41C807004402FC</string>
			<key>productType</key>
			<string>com.apple.product-type.application</string>
		</dict>
		<key>8CD17CA31C41C807004402FC</key>
		<dict>
			<key>explicitFileType</key>
			<string>wrapper.application</string>
			<key>includeInIndex</key>
			<string>0</string>
			<key>isa</key>
			<string>PBXFileReference</string>
			<key>path</key>
			<string>Glance.app</string>
			<key>sourceTree</key>
			<string>BUILT_PRODUCTS_DIR</string>
		</dict>
		<key>8CD17CA41C41C807004402FC</key>
		<dict>
			<key>children</key>
			<array>
				<string>8CD17CA31C41C807004402FC</string>
				<string>8CD17CB91C41C807004402FC</string>
				<string>8CD17CC41C41C807004402FC</string>
			</array>
			<key>isa</key>
			<string>PBXGroup</string>
			<key>name</key>
			<string>Products</string>
			<key>sourceTree</key>
			<string>&lt;group&gt;</string>
		</dict>
		<key>8CD17CA51C41C807004402FC</key>
		<dict>
			<key>children</key>
			<array>
				<string>8CA4C8321CB9AD22002AEAAE</string>
				<string>8CA4C8501CC01F0F002AEAAE</string>
				<string>8CA4C8521CC0228A002AEAAE</string>
				<string>8CA4C84E1CC01B5D002AEAAE</string>
				<string>8CD17CA61C41C807004402FC</string>
				<string>8CD17CA81C41C807004402FC</string>
				<string>8CD17CAA1C41C807004402FC</string>
				<string>8CD17CAC1C41C807004402FC</string>
				<string>8CD17CB11C41C807004402FC</string>
				<string>8CD17CAF1C41C807004402FC</string>
				<string>8CD17CB41C41C807004402FC</string>
			</array>
			<key>isa</key>
			<string>PBXGroup</string>
			<key>path</key>
			<string>Glance</string>
			<key>sourceTree</key>
			<string>&lt;group&gt;</string>
		</dict>
		<key>8CD17CA61C41C807004402FC</key>
		<dict>
			<key>isa</key>
			<string>PBXFileReference</string>
			<key>lastKnownFileType</key>
			<string>sourcecode.swift</string>
			<key>path</key>
			<string>AppDelegate.swift</string>
			<key>sourceTree</key>
			<string>&lt;group&gt;</string>
		</dict>
		<key>8CD17CA71C41C807004402FC</key>
		<dict>
			<key>fileRef</key>
			<string>8CD17CA61C41C807004402FC</string>
			<key>isa</key>
			<string>PBXBuildFile</string>
		</dict>
		<key>8CD17CA81C41C807004402FC</key>
		<dict>
			<key>isa</key>
			<string>PBXFileReference</string>
			<key>lastKnownFileType</key>
			<string>sourcecode.swift</string>
			<key>path</key>
			<string>HomeViewController.swift</string>
			<key>sourceTree</key>
			<string>&lt;group&gt;</string>
		</dict>
		<key>8CD17CA91C41C807004402FC</key>
		<dict>
			<key>fileRef</key>
			<string>8CD17CA81C41C807004402FC</string>
			<key>isa</key>
			<string>PBXBuildFile</string>
		</dict>
		<key>8CD17CAA1C41C807004402FC</key>
		<dict>
			<key>isa</key>
			<string>PBXFileReference</string>
			<key>lastKnownFileType</key>
			<string>sourcecode.swift</string>
			<key>path</key>
			<string>ProfileViewController.swift</string>
			<key>sourceTree</key>
			<string>&lt;group&gt;</string>
		</dict>
		<key>8CD17CAB1C41C807004402FC</key>
		<dict>
			<key>fileRef</key>
			<string>8CD17CAA1C41C807004402FC</string>
			<key>isa</key>
			<string>PBXBuildFile</string>
		</dict>
		<key>8CD17CAC1C41C807004402FC</key>
		<dict>
			<key>children</key>
			<array>
				<string>8CD17CAD1C41C807004402FC</string>
			</array>
			<key>isa</key>
			<string>PBXVariantGroup</string>
			<key>name</key>
			<string>Main.storyboard</string>
			<key>sourceTree</key>
			<string>&lt;group&gt;</string>
		</dict>
		<key>8CD17CAD1C41C807004402FC</key>
		<dict>
			<key>isa</key>
			<string>PBXFileReference</string>
			<key>lastKnownFileType</key>
			<string>file.storyboard</string>
			<key>name</key>
			<string>Base</string>
			<key>path</key>
			<string>Base.lproj/Main.storyboard</string>
			<key>sourceTree</key>
			<string>&lt;group&gt;</string>
		</dict>
		<key>8CD17CAE1C41C807004402FC</key>
		<dict>
			<key>fileRef</key>
			<string>8CD17CAC1C41C807004402FC</string>
			<key>isa</key>
			<string>PBXBuildFile</string>
		</dict>
		<key>8CD17CAF1C41C807004402FC</key>
		<dict>
			<key>isa</key>
			<string>PBXFileReference</string>
			<key>lastKnownFileType</key>
			<string>folder.assetcatalog</string>
			<key>path</key>
			<string>Assets.xcassets</string>
			<key>sourceTree</key>
			<string>&lt;group&gt;</string>
		</dict>
		<key>8CD17CB01C41C807004402FC</key>
		<dict>
			<key>fileRef</key>
			<string>8CD17CAF1C41C807004402FC</string>
			<key>isa</key>
			<string>PBXBuildFile</string>
		</dict>
		<key>8CD17CB11C41C807004402FC</key>
		<dict>
			<key>children</key>
			<array>
				<string>8CD17CB21C41C807004402FC</string>
			</array>
			<key>isa</key>
			<string>PBXVariantGroup</string>
			<key>name</key>
			<string>LaunchScreen.storyboard</string>
			<key>sourceTree</key>
			<string>&lt;group&gt;</string>
		</dict>
		<key>8CD17CB21C41C807004402FC</key>
		<dict>
			<key>isa</key>
			<string>PBXFileReference</string>
			<key>lastKnownFileType</key>
			<string>file.storyboard</string>
			<key>name</key>
			<string>Base</string>
			<key>path</key>
			<string>Base.lproj/LaunchScreen.storyboard</string>
			<key>sourceTree</key>
			<string>&lt;group&gt;</string>
		</dict>
		<key>8CD17CB31C41C807004402FC</key>
		<dict>
			<key>fileRef</key>
			<string>8CD17CB11C41C807004402FC</string>
			<key>isa</key>
			<string>PBXBuildFile</string>
		</dict>
		<key>8CD17CB41C41C807004402FC</key>
		<dict>
			<key>isa</key>
			<string>PBXFileReference</string>
			<key>lastKnownFileType</key>
			<string>text.plist.xml</string>
			<key>path</key>
			<string>Info.plist</string>
			<key>sourceTree</key>
			<string>&lt;group&gt;</string>
		</dict>
		<key>8CD17CB51C41C807004402FC</key>
		<dict>
			<key>buildActionMask</key>
			<string>2147483647</string>
			<key>files</key>
			<array>
				<string>8CD17CBE1C41C807004402FC</string>
			</array>
			<key>isa</key>
			<string>PBXSourcesBuildPhase</string>
			<key>runOnlyForDeploymentPostprocessing</key>
			<string>0</string>
		</dict>
		<key>8CD17CB61C41C807004402FC</key>
		<dict>
			<key>buildActionMask</key>
			<string>2147483647</string>
			<key>files</key>
			<array/>
			<key>isa</key>
			<string>PBXFrameworksBuildPhase</string>
			<key>runOnlyForDeploymentPostprocessing</key>
			<string>0</string>
		</dict>
		<key>8CD17CB71C41C807004402FC</key>
		<dict>
			<key>buildActionMask</key>
			<string>2147483647</string>
			<key>files</key>
			<array/>
			<key>isa</key>
			<string>PBXResourcesBuildPhase</string>
			<key>runOnlyForDeploymentPostprocessing</key>
			<string>0</string>
		</dict>
		<key>8CD17CB81C41C807004402FC</key>
		<dict>
			<key>buildConfigurationList</key>
			<string>8CD17CD01C41C807004402FC</string>
			<key>buildPhases</key>
			<array>
				<string>8CD17CB51C41C807004402FC</string>
				<string>8CD17CB61C41C807004402FC</string>
				<string>8CD17CB71C41C807004402FC</string>
			</array>
			<key>buildRules</key>
			<array/>
			<key>dependencies</key>
			<array>
				<string>8CD17CBB1C41C807004402FC</string>
			</array>
			<key>isa</key>
			<string>PBXNativeTarget</string>
			<key>name</key>
			<string>GlanceTests</string>
			<key>productName</key>
			<string>GlanceTests</string>
			<key>productReference</key>
			<string>8CD17CB91C41C807004402FC</string>
			<key>productType</key>
			<string>com.apple.product-type.bundle.unit-test</string>
		</dict>
		<key>8CD17CB91C41C807004402FC</key>
		<dict>
			<key>explicitFileType</key>
			<string>wrapper.cfbundle</string>
			<key>includeInIndex</key>
			<string>0</string>
			<key>isa</key>
			<string>PBXFileReference</string>
			<key>path</key>
			<string>GlanceTests.xctest</string>
			<key>sourceTree</key>
			<string>BUILT_PRODUCTS_DIR</string>
		</dict>
		<key>8CD17CBA1C41C807004402FC</key>
		<dict>
			<key>containerPortal</key>
			<string>8CD17C9B1C41C807004402FC</string>
			<key>isa</key>
			<string>PBXContainerItemProxy</string>
			<key>proxyType</key>
			<string>1</string>
			<key>remoteGlobalIDString</key>
			<string>8CD17CA21C41C807004402FC</string>
			<key>remoteInfo</key>
			<string>Glance</string>
		</dict>
		<key>8CD17CBB1C41C807004402FC</key>
		<dict>
			<key>isa</key>
			<string>PBXTargetDependency</string>
			<key>target</key>
			<string>8CD17CA21C41C807004402FC</string>
			<key>targetProxy</key>
			<string>8CD17CBA1C41C807004402FC</string>
		</dict>
		<key>8CD17CBC1C41C807004402FC</key>
		<dict>
			<key>children</key>
			<array>
				<string>8CD17CBD1C41C807004402FC</string>
				<string>8CD17CBF1C41C807004402FC</string>
			</array>
			<key>isa</key>
			<string>PBXGroup</string>
			<key>path</key>
			<string>GlanceTests</string>
			<key>sourceTree</key>
			<string>&lt;group&gt;</string>
		</dict>
		<key>8CD17CBD1C41C807004402FC</key>
		<dict>
			<key>isa</key>
			<string>PBXFileReference</string>
			<key>lastKnownFileType</key>
			<string>sourcecode.swift</string>
			<key>path</key>
			<string>GlanceTests.swift</string>
			<key>sourceTree</key>
			<string>&lt;group&gt;</string>
		</dict>
		<key>8CD17CBE1C41C807004402FC</key>
		<dict>
			<key>fileRef</key>
			<string>8CD17CBD1C41C807004402FC</string>
			<key>isa</key>
			<string>PBXBuildFile</string>
		</dict>
		<key>8CD17CBF1C41C807004402FC</key>
		<dict>
			<key>isa</key>
			<string>PBXFileReference</string>
			<key>lastKnownFileType</key>
			<string>text.plist.xml</string>
			<key>path</key>
			<string>Info.plist</string>
			<key>sourceTree</key>
			<string>&lt;group&gt;</string>
		</dict>
		<key>8CD17CC01C41C807004402FC</key>
		<dict>
			<key>buildActionMask</key>
			<string>2147483647</string>
			<key>files</key>
			<array>
				<string>8CD17CC91C41C807004402FC</string>
			</array>
			<key>isa</key>
			<string>PBXSourcesBuildPhase</string>
			<key>runOnlyForDeploymentPostprocessing</key>
			<string>0</string>
		</dict>
		<key>8CD17CC11C41C807004402FC</key>
		<dict>
			<key>buildActionMask</key>
			<string>2147483647</string>
			<key>files</key>
			<array/>
			<key>isa</key>
			<string>PBXFrameworksBuildPhase</string>
			<key>runOnlyForDeploymentPostprocessing</key>
			<string>0</string>
		</dict>
		<key>8CD17CC21C41C807004402FC</key>
		<dict>
			<key>buildActionMask</key>
			<string>2147483647</string>
			<key>files</key>
			<array/>
			<key>isa</key>
			<string>PBXResourcesBuildPhase</string>
			<key>runOnlyForDeploymentPostprocessing</key>
			<string>0</string>
		</dict>
		<key>8CD17CC31C41C807004402FC</key>
		<dict>
			<key>buildConfigurationList</key>
			<string>8CD17CD31C41C807004402FC</string>
			<key>buildPhases</key>
			<array>
				<string>8CD17CC01C41C807004402FC</string>
				<string>8CD17CC11C41C807004402FC</string>
				<string>8CD17CC21C41C807004402FC</string>
			</array>
			<key>buildRules</key>
			<array/>
			<key>dependencies</key>
			<array>
				<string>8CD17CC61C41C807004402FC</string>
			</array>
			<key>isa</key>
			<string>PBXNativeTarget</string>
			<key>name</key>
			<string>GlanceUITests</string>
			<key>productName</key>
			<string>GlanceUITests</string>
			<key>productReference</key>
			<string>8CD17CC41C41C807004402FC</string>
			<key>productType</key>
			<string>com.apple.product-type.bundle.ui-testing</string>
		</dict>
		<key>8CD17CC41C41C807004402FC</key>
		<dict>
			<key>explicitFileType</key>
			<string>wrapper.cfbundle</string>
			<key>includeInIndex</key>
			<string>0</string>
			<key>isa</key>
			<string>PBXFileReference</string>
			<key>path</key>
			<string>GlanceUITests.xctest</string>
			<key>sourceTree</key>
			<string>BUILT_PRODUCTS_DIR</string>
		</dict>
		<key>8CD17CC51C41C807004402FC</key>
		<dict>
			<key>containerPortal</key>
			<string>8CD17C9B1C41C807004402FC</string>
			<key>isa</key>
			<string>PBXContainerItemProxy</string>
			<key>proxyType</key>
			<string>1</string>
			<key>remoteGlobalIDString</key>
			<string>8CD17CA21C41C807004402FC</string>
			<key>remoteInfo</key>
			<string>Glance</string>
		</dict>
		<key>8CD17CC61C41C807004402FC</key>
		<dict>
			<key>isa</key>
			<string>PBXTargetDependency</string>
			<key>target</key>
			<string>8CD17CA21C41C807004402FC</string>
			<key>targetProxy</key>
			<string>8CD17CC51C41C807004402FC</string>
		</dict>
		<key>8CD17CC71C41C807004402FC</key>
		<dict>
			<key>children</key>
			<array>
				<string>8CD17CC81C41C807004402FC</string>
				<string>8CD17CCA1C41C807004402FC</string>
			</array>
			<key>isa</key>
			<string>PBXGroup</string>
			<key>path</key>
			<string>GlanceUITests</string>
			<key>sourceTree</key>
			<string>&lt;group&gt;</string>
		</dict>
		<key>8CD17CC81C41C807004402FC</key>
		<dict>
			<key>isa</key>
			<string>PBXFileReference</string>
			<key>lastKnownFileType</key>
			<string>sourcecode.swift</string>
			<key>path</key>
			<string>GlanceUITests.swift</string>
			<key>sourceTree</key>
			<string>&lt;group&gt;</string>
		</dict>
		<key>8CD17CC91C41C807004402FC</key>
		<dict>
			<key>fileRef</key>
			<string>8CD17CC81C41C807004402FC</string>
			<key>isa</key>
			<string>PBXBuildFile</string>
		</dict>
		<key>8CD17CCA1C41C807004402FC</key>
		<dict>
			<key>isa</key>
			<string>PBXFileReference</string>
			<key>lastKnownFileType</key>
			<string>text.plist.xml</string>
			<key>path</key>
			<string>Info.plist</string>
			<key>sourceTree</key>
			<string>&lt;group&gt;</string>
		</dict>
		<key>8CD17CCB1C41C807004402FC</key>
		<dict>
			<key>buildSettings</key>
			<dict>
				<key>ALWAYS_SEARCH_USER_PATHS</key>
				<string>NO</string>
				<key>CLANG_CXX_LANGUAGE_STANDARD</key>
				<string>gnu++0x</string>
				<key>CLANG_CXX_LIBRARY</key>
				<string>libc++</string>
				<key>CLANG_ENABLE_MODULES</key>
				<string>YES</string>
				<key>CLANG_ENABLE_OBJC_ARC</key>
				<string>YES</string>
				<key>CLANG_WARN_BOOL_CONVERSION</key>
				<string>YES</string>
				<key>CLANG_WARN_CONSTANT_CONVERSION</key>
				<string>YES</string>
				<key>CLANG_WARN_DIRECT_OBJC_ISA_USAGE</key>
				<string>YES_ERROR</string>
				<key>CLANG_WARN_EMPTY_BODY</key>
				<string>YES</string>
				<key>CLANG_WARN_ENUM_CONVERSION</key>
				<string>YES</string>
				<key>CLANG_WARN_INT_CONVERSION</key>
				<string>YES</string>
				<key>CLANG_WARN_OBJC_ROOT_CLASS</key>
				<string>YES_ERROR</string>
				<key>CLANG_WARN_UNREACHABLE_CODE</key>
				<string>YES</string>
				<key>CLANG_WARN__DUPLICATE_METHOD_MATCH</key>
				<string>YES</string>
				<key>CODE_SIGN_IDENTITY[sdk=iphoneos*]</key>
				<string>iPhone Developer</string>
				<key>COPY_PHASE_STRIP</key>
				<string>NO</string>
				<key>DEBUG_INFORMATION_FORMAT</key>
				<string>dwarf</string>
				<key>ENABLE_STRICT_OBJC_MSGSEND</key>
				<string>YES</string>
				<key>ENABLE_TESTABILITY</key>
				<string>YES</string>
				<key>GCC_C_LANGUAGE_STANDARD</key>
				<string>gnu99</string>
				<key>GCC_DYNAMIC_NO_PIC</key>
				<string>NO</string>
				<key>GCC_NO_COMMON_BLOCKS</key>
				<string>YES</string>
				<key>GCC_OPTIMIZATION_LEVEL</key>
				<string>0</string>
				<key>GCC_PREPROCESSOR_DEFINITIONS</key>
				<array>
					<string>DEBUG=1</string>
					<string>$(inherited)</string>
				</array>
				<key>GCC_WARN_64_TO_32_BIT_CONVERSION</key>
				<string>YES</string>
				<key>GCC_WARN_ABOUT_RETURN_TYPE</key>
				<string>YES_ERROR</string>
				<key>GCC_WARN_UNDECLARED_SELECTOR</key>
				<string>YES</string>
				<key>GCC_WARN_UNINITIALIZED_AUTOS</key>
				<string>YES_AGGRESSIVE</string>
				<key>GCC_WARN_UNUSED_FUNCTION</key>
				<string>YES</string>
				<key>GCC_WARN_UNUSED_VARIABLE</key>
				<string>YES</string>
				<key>IPHONEOS_DEPLOYMENT_TARGET</key>
				<string>9.2</string>
				<key>MTL_ENABLE_DEBUG_INFO</key>
				<string>YES</string>
				<key>ONLY_ACTIVE_ARCH</key>
				<string>YES</string>
				<key>SDKROOT</key>
				<string>iphoneos</string>
				<key>SWIFT_OPTIMIZATION_LEVEL</key>
				<string>-Onone</string>
			</dict>
			<key>isa</key>
			<string>XCBuildConfiguration</string>
			<key>name</key>
			<string>Debug</string>
		</dict>
		<key>8CD17CCC1C41C807004402FC</key>
		<dict>
			<key>buildSettings</key>
			<dict>
				<key>ALWAYS_SEARCH_USER_PATHS</key>
				<string>NO</string>
				<key>CLANG_CXX_LANGUAGE_STANDARD</key>
				<string>gnu++0x</string>
				<key>CLANG_CXX_LIBRARY</key>
				<string>libc++</string>
				<key>CLANG_ENABLE_MODULES</key>
				<string>YES</string>
				<key>CLANG_ENABLE_OBJC_ARC</key>
				<string>YES</string>
				<key>CLANG_WARN_BOOL_CONVERSION</key>
				<string>YES</string>
				<key>CLANG_WARN_CONSTANT_CONVERSION</key>
				<string>YES</string>
				<key>CLANG_WARN_DIRECT_OBJC_ISA_USAGE</key>
				<string>YES_ERROR</string>
				<key>CLANG_WARN_EMPTY_BODY</key>
				<string>YES</string>
				<key>CLANG_WARN_ENUM_CONVERSION</key>
				<string>YES</string>
				<key>CLANG_WARN_INT_CONVERSION</key>
				<string>YES</string>
				<key>CLANG_WARN_OBJC_ROOT_CLASS</key>
				<string>YES_ERROR</string>
				<key>CLANG_WARN_UNREACHABLE_CODE</key>
				<string>YES</string>
				<key>CLANG_WARN__DUPLICATE_METHOD_MATCH</key>
				<string>YES</string>
				<key>CODE_SIGN_IDENTITY[sdk=iphoneos*]</key>
				<string>iPhone Developer</string>
				<key>COPY_PHASE_STRIP</key>
				<string>NO</string>
				<key>DEBUG_INFORMATION_FORMAT</key>
				<string>dwarf-with-dsym</string>
				<key>ENABLE_NS_ASSERTIONS</key>
				<string>NO</string>
				<key>ENABLE_STRICT_OBJC_MSGSEND</key>
				<string>YES</string>
				<key>GCC_C_LANGUAGE_STANDARD</key>
				<string>gnu99</string>
				<key>GCC_NO_COMMON_BLOCKS</key>
				<string>YES</string>
				<key>GCC_WARN_64_TO_32_BIT_CONVERSION</key>
				<string>YES</string>
				<key>GCC_WARN_ABOUT_RETURN_TYPE</key>
				<string>YES_ERROR</string>
				<key>GCC_WARN_UNDECLARED_SELECTOR</key>
				<string>YES</string>
				<key>GCC_WARN_UNINITIALIZED_AUTOS</key>
				<string>YES_AGGRESSIVE</string>
				<key>GCC_WARN_UNUSED_FUNCTION</key>
				<string>YES</string>
				<key>GCC_WARN_UNUSED_VARIABLE</key>
				<string>YES</string>
				<key>IPHONEOS_DEPLOYMENT_TARGET</key>
				<string>9.2</string>
				<key>MTL_ENABLE_DEBUG_INFO</key>
				<string>NO</string>
				<key>SDKROOT</key>
				<string>iphoneos</string>
				<key>VALIDATE_PRODUCT</key>
				<string>YES</string>
			</dict>
			<key>isa</key>
			<string>XCBuildConfiguration</string>
			<key>name</key>
			<string>Release</string>
		</dict>
		<key>8CD17CCD1C41C807004402FC</key>
		<dict>
			<key>buildConfigurations</key>
			<array>
				<string>8CD17CCE1C41C807004402FC</string>
				<string>8CD17CCF1C41C807004402FC</string>
			</array>
			<key>defaultConfigurationIsVisible</key>
			<string>0</string>
			<key>defaultConfigurationName</key>
			<string>Release</string>
			<key>isa</key>
			<string>XCConfigurationList</string>
		</dict>
		<key>8CD17CCE1C41C807004402FC</key>
		<dict>
			<key>baseConfigurationReference</key>
			<string>ECDF67B54C3FC0846B7B8CE5</string>
			<key>buildSettings</key>
			<dict>
				<key>ASSETCATALOG_COMPILER_APPICON_NAME</key>
				<string>AppIcon</string>
				<key>FRAMEWORK_SEARCH_PATHS</key>
				<array>
					<string>$(inherited)</string>
					<string>$(PROJECT_DIR)</string>
				</array>
				<key>INFOPLIST_FILE</key>
				<string>Glance/Info.plist</string>
				<key>LD_RUNPATH_SEARCH_PATHS</key>
				<string>$(inherited) @executable_path/Frameworks</string>
				<key>PRODUCT_BUNDLE_IDENTIFIER</key>
				<string>com.itbhub.Glance</string>
				<key>PRODUCT_NAME</key>
				<string>$(TARGET_NAME)</string>
			</dict>
			<key>isa</key>
			<string>XCBuildConfiguration</string>
			<key>name</key>
			<string>Debug</string>
		</dict>
		<key>8CD17CCF1C41C807004402FC</key>
		<dict>
			<key>baseConfigurationReference</key>
			<string>5018EF233B23A7D447537AFA</string>
			<key>buildSettings</key>
			<dict>
				<key>ASSETCATALOG_COMPILER_APPICON_NAME</key>
				<string>AppIcon</string>
				<key>FRAMEWORK_SEARCH_PATHS</key>
				<array>
					<string>$(inherited)</string>
					<string>$(PROJECT_DIR)</string>
				</array>
				<key>INFOPLIST_FILE</key>
				<string>Glance/Info.plist</string>
				<key>LD_RUNPATH_SEARCH_PATHS</key>
				<string>$(inherited) @executable_path/Frameworks</string>
				<key>PRODUCT_BUNDLE_IDENTIFIER</key>
				<string>com.itbhub.Glance</string>
				<key>PRODUCT_NAME</key>
				<string>$(TARGET_NAME)</string>
			</dict>
			<key>isa</key>
			<string>XCBuildConfiguration</string>
			<key>name</key>
			<string>Release</string>
		</dict>
		<key>8CD17CD01C41C807004402FC</key>
		<dict>
			<key>buildConfigurations</key>
			<array>
				<string>8CD17CD11C41C807004402FC</string>
				<string>8CD17CD21C41C807004402FC</string>
			</array>
			<key>defaultConfigurationIsVisible</key>
			<string>0</string>
			<key>defaultConfigurationName</key>
			<string>Release</string>
			<key>isa</key>
			<string>XCConfigurationList</string>
		</dict>
		<key>8CD17CD11C41C807004402FC</key>
		<dict>
			<key>buildSettings</key>
			<dict>
				<key>BUNDLE_LOADER</key>
				<string>$(TEST_HOST)</string>
				<key>INFOPLIST_FILE</key>
				<string>GlanceTests/Info.plist</string>
				<key>LD_RUNPATH_SEARCH_PATHS</key>
				<string>$(inherited) @executable_path/Frameworks @loader_path/Frameworks</string>
				<key>PRODUCT_BUNDLE_IDENTIFIER</key>
				<string>com.itbhub.GlanceTests</string>
				<key>PRODUCT_NAME</key>
				<string>$(TARGET_NAME)</string>
				<key>TEST_HOST</key>
				<string>$(BUILT_PRODUCTS_DIR)/Glance.app/Glance</string>
			</dict>
			<key>isa</key>
			<string>XCBuildConfiguration</string>
			<key>name</key>
			<string>Debug</string>
		</dict>
		<key>8CD17CD21C41C807004402FC</key>
		<dict>
			<key>buildSettings</key>
			<dict>
				<key>BUNDLE_LOADER</key>
				<string>$(TEST_HOST)</string>
				<key>INFOPLIST_FILE</key>
				<string>GlanceTests/Info.plist</string>
				<key>LD_RUNPATH_SEARCH_PATHS</key>
				<string>$(inherited) @executable_path/Frameworks @loader_path/Frameworks</string>
				<key>PRODUCT_BUNDLE_IDENTIFIER</key>
				<string>com.itbhub.GlanceTests</string>
				<key>PRODUCT_NAME</key>
				<string>$(TARGET_NAME)</string>
				<key>TEST_HOST</key>
				<string>$(BUILT_PRODUCTS_DIR)/Glance.app/Glance</string>
			</dict>
			<key>isa</key>
			<string>XCBuildConfiguration</string>
			<key>name</key>
			<string>Release</string>
		</dict>
		<key>8CD17CD31C41C807004402FC</key>
		<dict>
			<key>buildConfigurations</key>
			<array>
				<string>8CD17CD41C41C807004402FC</string>
				<string>8CD17CD51C41C807004402FC</string>
			</array>
			<key>defaultConfigurationIsVisible</key>
			<string>0</string>
			<key>defaultConfigurationName</key>
			<string>Release</string>
			<key>isa</key>
			<string>XCConfigurationList</string>
		</dict>
		<key>8CD17CD41C41C807004402FC</key>
		<dict>
			<key>buildSettings</key>
			<dict>
				<key>INFOPLIST_FILE</key>
				<string>GlanceUITests/Info.plist</string>
				<key>LD_RUNPATH_SEARCH_PATHS</key>
				<string>$(inherited) @executable_path/Frameworks @loader_path/Frameworks</string>
				<key>PRODUCT_BUNDLE_IDENTIFIER</key>
				<string>com.itbhub.GlanceUITests</string>
				<key>PRODUCT_NAME</key>
				<string>$(TARGET_NAME)</string>
				<key>TEST_TARGET_NAME</key>
				<string>Glance</string>
				<key>USES_XCTRUNNER</key>
				<string>YES</string>
			</dict>
			<key>isa</key>
			<string>XCBuildConfiguration</string>
			<key>name</key>
			<string>Debug</string>
		</dict>
		<key>8CD17CD51C41C807004402FC</key>
		<dict>
			<key>buildSettings</key>
			<dict>
				<key>INFOPLIST_FILE</key>
				<string>GlanceUITests/Info.plist</string>
				<key>LD_RUNPATH_SEARCH_PATHS</key>
				<string>$(inherited) @executable_path/Frameworks @loader_path/Frameworks</string>
				<key>PRODUCT_BUNDLE_IDENTIFIER</key>
				<string>com.itbhub.GlanceUITests</string>
				<key>PRODUCT_NAME</key>
				<string>$(TARGET_NAME)</string>
				<key>TEST_TARGET_NAME</key>
				<string>Glance</string>
				<key>USES_XCTRUNNER</key>
				<string>YES</string>
			</dict>
			<key>isa</key>
			<string>XCBuildConfiguration</string>
			<key>name</key>
			<string>Release</string>
		</dict>
		<key>A1B6032E4D29DE4E2D224BC8</key>
		<dict>
			<key>buildActionMask</key>
			<string>2147483647</string>
			<key>files</key>
			<array/>
			<key>inputPaths</key>
			<array/>
			<key>isa</key>
			<string>PBXShellScriptBuildPhase</string>
			<key>name</key>
			<string>Check Pods Manifest.lock</string>
			<key>outputPaths</key>
			<array/>
			<key>runOnlyForDeploymentPostprocessing</key>
			<string>0</string>
			<key>shellPath</key>
			<string>/bin/sh</string>
			<key>shellScript</key>
			<string>diff "${PODS_ROOT}/../Podfile.lock" "${PODS_ROOT}/Manifest.lock" &gt; /dev/null
if [[ $? != 0 ]] ; then
    cat &lt;&lt; EOM
error: The sandbox is not in sync with the Podfile.lock. Run 'pod install' or update your CocoaPods installation.
EOM
    exit 1
fi
</string>
			<key>showEnvVarsInLog</key>
			<string>0</string>
		</dict>
		<key>ECDF67B54C3FC0846B7B8CE5</key>
		<dict>
			<key>includeInIndex</key>
			<string>1</string>
			<key>isa</key>
			<string>PBXFileReference</string>
			<key>lastKnownFileType</key>
			<string>text.xcconfig</string>
			<key>name</key>
			<string>Pods-Glance.debug.xcconfig</string>
			<key>path</key>
			<string>Pods/Target Support Files/Pods-Glance/Pods-Glance.debug.xcconfig</string>
			<key>sourceTree</key>
			<string>&lt;group&gt;</string>
		</dict>
		<key>FDE5AF41F4FB1FA805BAB6BC</key>
		<dict>
			<key>explicitFileType</key>
			<string>wrapper.framework</string>
			<key>includeInIndex</key>
			<string>0</string>
			<key>isa</key>
			<string>PBXFileReference</string>
			<key>path</key>
			<string>Pods_Glance.framework</string>
			<key>sourceTree</key>
			<string>BUILT_PRODUCTS_DIR</string>
		</dict>
	</dict>
	<key>rootObject</key>
	<string>8CD17C9B1C41C807004402FC</string>
</dict>
</plist>
